
Microsoft Visual Studio Solution File, Format Version 12.00
# Visual Studio Version 17
VisualStudioVersion = 17.5.002.0
MinimumVisualStudioVersion = 10.0.40219.1
Project("{9A19103F-16F7-4668-BE54-9A1E7A4F7556}") = "api-consulta", "api-consulta/api-consulta.csproj", "{6CEB9449-963D-4E42-81FE-177D8EDCBEEA}"
EndProject
Global
	GlobalSection(SolutionConfigurationPlatforms) = preSolution
		Debug|Any CPU = Debug|Any CPU
		Release|Any CPU = Release|Any CPU
	EndGlobalSection
	GlobalSection(ProjectConfigurationPlatforms) = postSolution
		{6CEB9449-963D-4E42-81FE-177D8EDCBEEA}.Debug|Any CPU.ActiveCfg = Debug|Any CPU
		{6CEB9449-963D-4E42-81FE-177D8EDCBEEA}.Debug|Any CPU.Build.0 = Debug|Any CPU
		{6CEB9449-963D-4E42-81FE-177D8EDCBEEA}.Release|Any CPU.ActiveCfg = Release|Any CPU
		{6CEB9449-963D-4E42-81FE-177D8EDCBEEA}.Release|Any CPU.Build.0 = Release|Any CPU
	EndGlobalSection
	GlobalSection(SolutionProperties) = preSolution
		HideSolutionNode = FALSE
	EndGlobalSection
	GlobalSection(ExtensibilityGlobals) = postSolution
		SolutionGuid = {0D098DE6-109F-47F1-89D8-F53A331FE3EB}
	EndGlobalSection
EndGlobal
